
Microsoft Visual Studio Solution File, Format Version 12.00
# Visual Studio Version 17
VisualStudioVersion = 17.1.32210.238
MinimumVisualStudioVersion = 10.0.40219.1
Project("{9A19103F-16F7-4668-BE54-9A1E7A4F7556}") = "WebApplication", "WebApplication\WebApplication.csproj", "{2460C03F-CA52-4EC2-8714-D98C4861B1DF}"
EndProject
Project("{9A19103F-16F7-4668-BE54-9A1E7A4F7556}") = "ConsoleApp", "ConsoleApp\ConsoleApp.csproj", "{5C1605FE-4D34-49AC-8548-DF8CA0B93936}"
EndProject
Global
	GlobalSection(SolutionConfigurationPlatforms) = preSolution
		Debug|Any CPU = Debug|Any CPU
		Release|Any CPU = Release|Any CPU
	EndGlobalSection
	GlobalSection(ProjectConfigurationPlatforms) = postSolution
		{2460C03F-CA52-4EC2-8714-D98C4861B1DF}.Debug|Any CPU.ActiveCfg = Debug|Any CPU
		{2460C03F-CA52-4EC2-8714-D98C4861B1DF}.Debug|Any CPU.Build.0 = Debug|Any CPU
		{2460C03F-CA52-4EC2-8714-D98C4861B1DF}.Release|Any CPU.ActiveCfg = Release|Any CPU
		{2460C03F-CA52-4EC2-8714-D98C4861B1DF}.Release|Any CPU.Build.0 = Release|Any CPU
		{5C1605FE-4D34-49AC-8548-DF8CA0B93936}.Debug|Any CPU.ActiveCfg = Debug|Any CPU
		{5C1605FE-4D34-49AC-8548-DF8CA0B93936}.Debug|Any CPU.Build.0 = Debug|Any CPU
		{5C1605FE-4D34-49AC-8548-DF8CA0B93936}.Release|Any CPU.ActiveCfg = Release|Any CPU
		{5C1605FE-4D34-49AC-8548-DF8CA0B93936}.Release|Any CPU.Build.0 = Release|Any CPU
	EndGlobalSection
	GlobalSection(SolutionProperties) = preSolution
		HideSolutionNode = FALSE
	EndGlobalSection
	GlobalSection(ExtensibilityGlobals) = postSolution
		SolutionGuid = {37FDAEA3-4E1F-4C57-9D5B-FBA122AE484B}
	EndGlobalSection
EndGlobal
